
Microsoft Visual Studio Solution File, Format Version 12.00
# Visual Studio Version 17
VisualStudioVersion = 17.11.35222.181
MinimumVisualStudioVersion = 10.0.40219.1
Project("{00D1A9C2-B5F0-4AF3-8072-F6C62B433612}") = "database", "database.sqlproj", "{3219E037-5760-411E-925E-27429EA0D2DA}"
EndProject
Global
	GlobalSection(SolutionConfigurationPlatforms) = preSolution
		Debug|Any CPU = Debug|Any CPU
		Release|Any CPU = Release|Any CPU
	EndGlobalSection
	GlobalSection(ProjectConfigurationPlatforms) = postSolution
		{3219E037-5760-411E-925E-27429EA0D2DA}.Debug|Any CPU.ActiveCfg = Debug|Any CPU
		{3219E037-5760-411E-925E-27429EA0D2DA}.Debug|Any CPU.Build.0 = Debug|Any CPU
		{3219E037-5760-411E-925E-27429EA0D2DA}.Debug|Any CPU.Deploy.0 = Debug|Any CPU
		{3219E037-5760-411E-925E-27429EA0D2DA}.Release|Any CPU.ActiveCfg = Release|Any CPU
		{3219E037-5760-411E-925E-27429EA0D2DA}.Release|Any CPU.Build.0 = Release|Any CPU
		{3219E037-5760-411E-925E-27429EA0D2DA}.Release|Any CPU.Deploy.0 = Release|Any CPU
	EndGlobalSection
	GlobalSection(SolutionProperties) = preSolution
		HideSolutionNode = FALSE
	EndGlobalSection
	GlobalSection(ExtensibilityGlobals) = postSolution
		SolutionGuid = {D32A3DB2-4BC2-43D9-A26D-176B887B86CB}
	EndGlobalSection
EndGlobal
